
Microsoft Visual Studio Solution File, Format Version 12.00
# Visual Studio Version 17
VisualStudioVersion = 17.10.35027.167
MinimumVisualStudioVersion = 10.0.40219.1
Project("{FAE04EC0-301F-11D3-BF4B-00C04F79EFBC}") = "ProjetoTeansBimestre", "ProjetoTeansBimestre\ProjetoTeansBimestre.csproj", "{8EA32009-8166-4A27-9FD1-CFD5DB82A256}"
EndProject
Global
	GlobalSection(SolutionConfigurationPlatforms) = preSolution
		Debug|Any CPU = Debug|Any CPU
		Release|Any CPU = Release|Any CPU
	EndGlobalSection
	GlobalSection(ProjectConfigurationPlatforms) = postSolution
		{8EA32009-8166-4A27-9FD1-CFD5DB82A256}.Debug|Any CPU.ActiveCfg = Debug|Any CPU
		{8EA32009-8166-4A27-9FD1-CFD5DB82A256}.Debug|Any CPU.Build.0 = Debug|Any CPU
		{8EA32009-8166-4A27-9FD1-CFD5DB82A256}.Release|Any CPU.ActiveCfg = Release|Any CPU
		{8EA32009-8166-4A27-9FD1-CFD5DB82A256}.Release|Any CPU.Build.0 = Release|Any CPU
	EndGlobalSection
	GlobalSection(SolutionProperties) = preSolution
		HideSolutionNode = FALSE
	EndGlobalSection
	GlobalSection(ExtensibilityGlobals) = postSolution
		SolutionGuid = {CE19D003-AE2F-4B29-AD6B-C5401640D2B7}
	EndGlobalSection
EndGlobal
